// !$*UTF8*$!
{
	archiveVersion = 1;
	classes = {
	};
	objectVersion = 56;
	objects = {

/* Begin PBXBuildFile section */
		1E7C339CDD1C70E8C47D7959 /* Pods_testSwiftUI_testSwiftUIUITests.framework in Frameworks */ = {isa = PBXBuildFile; fileRef = 2CE54A2094C07113B3EE1136 /* Pods_testSwiftUI_testSwiftUIUITests.framework */; };
		39BFE93B2B5038CF00B2934C /* testSwiftUIApp.swift in Sources */ = {isa = PBXBuildFile; fileRef = 39BFE93A2B5038CF00B2934C /* testSwiftUIApp.swift */; };
		39BFE93D2B5038CF00B2934C /* ContentView.swift in Sources */ = {isa = PBXBuildFile; fileRef = 39BFE93C2B5038CF00B2934C /* ContentView.swift */; };
		39BFE93F2B5038D000B2934C /* Assets.xcassets in Resources */ = {isa = PBXBuildFile; fileRef = 39BFE93E2B5038D000B2934C /* Assets.xcassets */; };
		39BFE9422B5038D000B2934C /* Preview Assets.xcassets in Resources */ = {isa = PBXBuildFile; fileRef = 39BFE9412B5038D000B2934C /* Preview Assets.xcassets */; };
		39BFE94C2B5038D000B2934C /* testSwiftUITests.swift in Sources */ = {isa = PBXBuildFile; fileRef = 39BFE94B2B5038D000B2934C /* testSwiftUITests.swift */; };
		39BFE9562B5038D000B2934C /* testSwiftUIUITests.swift in Sources */ = {isa = PBXBuildFile; fileRef = 39BFE9552B5038D000B2934C /* testSwiftUIUITests.swift */; };
		39BFE9582B5038D000B2934C /* testSwiftUIUITestsLaunchTests.swift in Sources */ = {isa = PBXBuildFile; fileRef = 39BFE9572B5038D000B2934C /* testSwiftUIUITestsLaunchTests.swift */; };
		39BFE9652B504EB900B2934C /* testObjet.swift in Sources */ = {isa = PBXBuildFile; fileRef = 39BFE9642B504EB900B2934C /* testObjet.swift */; };
		39BFE9672B504F9A00B2934C /* HomeView.swift in Sources */ = {isa = PBXBuildFile; fileRef = 39BFE9662B504F9A00B2934C /* HomeView.swift */; };
		39D183442C061A1400CFAACB /* article.swift in Sources */ = {isa = PBXBuildFile; fileRef = 39D183432C061A1400CFAACB /* article.swift */; };
		39D183482C061B5500CFAACB /* author.swift in Sources */ = {isa = PBXBuildFile; fileRef = 39D183472C061B5500CFAACB /* author.swift */; };
		39D1834A2C06227700CFAACB /* LoginView.swift in Sources */ = {isa = PBXBuildFile; fileRef = 39D183492C06227700CFAACB /* LoginView.swift */; };
		39D1834C2C0622C200CFAACB /* LoginOperations.swift in Sources */ = {isa = PBXBuildFile; fileRef = 39D1834B2C0622C200CFAACB /* LoginOperations.swift */; };
		39D1834E2C0622DE00CFAACB /* loginRequest.swift in Sources */ = {isa = PBXBuildFile; fileRef = 39D1834D2C0622DE00CFAACB /* loginRequest.swift */; };
		39D183502C06232600CFAACB /* ApiRequest.swift in Sources */ = {isa = PBXBuildFile; fileRef = 39D1834F2C06232600CFAACB /* ApiRequest.swift */; };
		39D1835A2C0667D600CFAACB /* ArticleListView.swift in Sources */ = {isa = PBXBuildFile; fileRef = 39D183592C0667D600CFAACB /* ArticleListView.swift */; };
		39D1835C2C0667E600CFAACB /* FavoriteListView.swift in Sources */ = {isa = PBXBuildFile; fileRef = 39D1835B2C0667E600CFAACB /* FavoriteListView.swift */; };
		39D183602C06680500CFAACB /* ProfileView.swift in Sources */ = {isa = PBXBuildFile; fileRef = 39D1835F2C06680500CFAACB /* ProfileView.swift */; };
		39D183622C0668A800CFAACB /* NavBar.swift in Sources */ = {isa = PBXBuildFile; fileRef = 39D183612C0668A800CFAACB /* NavBar.swift */; };
		39D183642C066D2600CFAACB /* ArticleOperations.swift in Sources */ = {isa = PBXBuildFile; fileRef = 39D183632C066D2500CFAACB /* ArticleOperations.swift */; };
		39D183662C066D6900CFAACB /* ArticleRequest.swift in Sources */ = {isa = PBXBuildFile; fileRef = 39D183652C066D6900CFAACB /* ArticleRequest.swift */; };
		39D183682C0777CA00CFAACB /* ArticleRowView.swift in Sources */ = {isa = PBXBuildFile; fileRef = 39D183672C0777CA00CFAACB /* ArticleRowView.swift */; };
		39D1836A2C07B41700CFAACB /* HeaderView.swift in Sources */ = {isa = PBXBuildFile; fileRef = 39D183692C07B41700CFAACB /* HeaderView.swift */; };
		39D1AF432C0894AC00EEA39E /* ChatroomsListView.swift in Sources */ = {isa = PBXBuildFile; fileRef = 39D1AF422C0894AC00EEA39E /* ChatroomsListView.swift */; };
		39D1AF462C08985400EEA39E /* Chatroom.swift in Sources */ = {isa = PBXBuildFile; fileRef = 39D1AF452C08985400EEA39E /* Chatroom.swift */; };
		39D1AF482C08988500EEA39E /* ChatroomRowView.swift in Sources */ = {isa = PBXBuildFile; fileRef = 39D1AF472C08988500EEA39E /* ChatroomRowView.swift */; };
		39D1AF4C2C0908A600EEA39E /* VideoRowView.swift in Sources */ = {isa = PBXBuildFile; fileRef = 39D1AF4B2C0908A600EEA39E /* VideoRowView.swift */; };
		39D1AF4E2C09DC8B00EEA39E /* Config.swift in Sources */ = {isa = PBXBuildFile; fileRef = 39D1AF4D2C09DC8B00EEA39E /* Config.swift */; };
		39D1AF502C09DF3B00EEA39E /* DataManager.swift in Sources */ = {isa = PBXBuildFile; fileRef = 39D1AF4F2C09DF3B00EEA39E /* DataManager.swift */; };
		39D1AF562C0A00CE00EEA39E /* IdentityView.swift in Sources */ = {isa = PBXBuildFile; fileRef = 39D1AF552C0A00CE00EEA39E /* IdentityView.swift */; };
		9CC1A714830990BDC7393389 /* Pods_testSwiftUI.framework in Frameworks */ = {isa = PBXBuildFile; fileRef = DB65814B15E8629A6669A17A /* Pods_testSwiftUI.framework */; };
		D05BD04FDABFEE47AE897A1B /* Pods_testSwiftUITests.framework in Frameworks */ = {isa = PBXBuildFile; fileRef = 003CCDEDD3A5C2D884638078 /* Pods_testSwiftUITests.framework */; };
/* End PBXBuildFile section */

/* Begin PBXContainerItemProxy section */
		39BFE9482B5038D000B2934C /* PBXContainerItemProxy */ = {
			isa = PBXContainerItemProxy;
			containerPortal = 39BFE92F2B5038CF00B2934C /* Project object */;
			proxyType = 1;
			remoteGlobalIDString = 39BFE9362B5038CF00B2934C;
			remoteInfo = testSwiftUI;
		};
		39BFE9522B5038D000B2934C /* PBXContainerItemProxy */ = {
			isa = PBXContainerItemProxy;
			containerPortal = 39BFE92F2B5038CF00B2934C /* Project object */;
			proxyType = 1;
			remoteGlobalIDString = 39BFE9362B5038CF00B2934C;
			remoteInfo = testSwiftUI;
		};
/* End PBXContainerItemProxy section */

/* Begin PBXFileReference section */
		003CCDEDD3A5C2D884638078 /* Pods_testSwiftUITests.framework */ = {isa = PBXFileReference; explicitFileType = wrapper.framework; includeInIndex = 0; path = Pods_testSwiftUITests.framework; sourceTree = BUILT_PRODUCTS_DIR; };
		189B06C2F66BC512364E0FD3 /* Pods-testSwiftUITests.release.xcconfig */ = {isa = PBXFileReference; includeInIndex = 1; lastKnownFileType = text.xcconfig; name = "Pods-testSwiftUITests.release.xcconfig"; path = "Target Support Files/Pods-testSwiftUITests/Pods-testSwiftUITests.release.xcconfig"; sourceTree = "<group>"; };
		2CE54A2094C07113B3EE1136 /* Pods_testSwiftUI_testSwiftUIUITests.framework */ = {isa = PBXFileReference; explicitFileType = wrapper.framework; includeInIndex = 0; path = Pods_testSwiftUI_testSwiftUIUITests.framework; sourceTree = BUILT_PRODUCTS_DIR; };
		354D533E055FA4EC09710AF0 /* Pods-testSwiftUI.release.xcconfig */ = {isa = PBXFileReference; includeInIndex = 1; lastKnownFileType = text.xcconfig; name = "Pods-testSwiftUI.release.xcconfig"; path = "Target Support Files/Pods-testSwiftUI/Pods-testSwiftUI.release.xcconfig"; sourceTree = "<group>"; };
		39BFE9372B5038CF00B2934C /* testSwiftUI.app */ = {isa = PBXFileReference; explicitFileType = wrapper.application; includeInIndex = 0; path = testSwiftUI.app; sourceTree = BUILT_PRODUCTS_DIR; };
		39BFE93A2B5038CF00B2934C /* testSwiftUIApp.swift */ = {isa = PBXFileReference; lastKnownFileType = sourcecode.swift; path = testSwiftUIApp.swift; sourceTree = "<group>"; };
		39BFE93C2B5038CF00B2934C /* ContentView.swift */ = {isa = PBXFileReference; lastKnownFileType = sourcecode.swift; path = ContentView.swift; sourceTree = "<group>"; };
		39BFE93E2B5038D000B2934C /* Assets.xcassets */ = {isa = PBXFileReference; lastKnownFileType = folder.assetcatalog; path = Assets.xcassets; sourceTree = "<group>"; };
		39BFE9412B5038D000B2934C /* Preview Assets.xcassets */ = {isa = PBXFileReference; lastKnownFileType = folder.assetcatalog; path = "Preview Assets.xcassets"; sourceTree = "<group>"; };
		39BFE9472B5038D000B2934C /* testSwiftUITests.xctest */ = {isa = PBXFileReference; explicitFileType = wrapper.cfbundle; includeInIndex = 0; path = testSwiftUITests.xctest; sourceTree = BUILT_PRODUCTS_DIR; };
		39BFE94B2B5038D000B2934C /* testSwiftUITests.swift */ = {isa = PBXFileReference; lastKnownFileType = sourcecode.swift; path = testSwiftUITests.swift; sourceTree = "<group>"; };
		39BFE9512B5038D000B2934C /* testSwiftUIUITests.xctest */ = {isa = PBXFileReference; explicitFileType = wrapper.cfbundle; includeInIndex = 0; path = testSwiftUIUITests.xctest; sourceTree = BUILT_PRODUCTS_DIR; };
		39BFE9552B5038D000B2934C /* testSwiftUIUITests.swift */ = {isa = PBXFileReference; lastKnownFileType = sourcecode.swift; path = testSwiftUIUITests.swift; sourceTree = "<group>"; };
		39BFE9572B5038D000B2934C /* testSwiftUIUITestsLaunchTests.swift */ = {isa = PBXFileReference; lastKnownFileType = sourcecode.swift; path = testSwiftUIUITestsLaunchTests.swift; sourceTree = "<group>"; };
		39BFE9642B504EB900B2934C /* testObjet.swift */ = {isa = PBXFileReference; lastKnownFileType = sourcecode.swift; path = testObjet.swift; sourceTree = "<group>"; };
		39BFE9662B504F9A00B2934C /* HomeView.swift */ = {isa = PBXFileReference; lastKnownFileType = sourcecode.swift; path = HomeView.swift; sourceTree = "<group>"; };
		39D183432C061A1400CFAACB /* article.swift */ = {isa = PBXFileReference; lastKnownFileType = sourcecode.swift; path = article.swift; sourceTree = "<group>"; };
		39D183472C061B5500CFAACB /* author.swift */ = {isa = PBXFileReference; lastKnownFileType = sourcecode.swift; path = author.swift; sourceTree = "<group>"; };
		39D183492C06227700CFAACB /* LoginView.swift */ = {isa = PBXFileReference; lastKnownFileType = sourcecode.swift; path = LoginView.swift; sourceTree = "<group>"; };
		39D1834B2C0622C200CFAACB /* LoginOperations.swift */ = {isa = PBXFileReference; lastKnownFileType = sourcecode.swift; path = LoginOperations.swift; sourceTree = "<group>"; };
		39D1834D2C0622DE00CFAACB /* loginRequest.swift */ = {isa = PBXFileReference; lastKnownFileType = sourcecode.swift; path = loginRequest.swift; sourceTree = "<group>"; };
		39D1834F2C06232600CFAACB /* ApiRequest.swift */ = {isa = PBXFileReference; lastKnownFileType = sourcecode.swift; path = ApiRequest.swift; sourceTree = "<group>"; };
		39D183592C0667D600CFAACB /* ArticleListView.swift */ = {isa = PBXFileReference; lastKnownFileType = sourcecode.swift; path = ArticleListView.swift; sourceTree = "<group>"; };
		39D1835B2C0667E600CFAACB /* FavoriteListView.swift */ = {isa = PBXFileReference; lastKnownFileType = sourcecode.swift; path = FavoriteListView.swift; sourceTree = "<group>"; };
		39D1835F2C06680500CFAACB /* ProfileView.swift */ = {isa = PBXFileReference; lastKnownFileType = sourcecode.swift; path = ProfileView.swift; sourceTree = "<group>"; };
		39D183612C0668A800CFAACB /* NavBar.swift */ = {isa = PBXFileReference; lastKnownFileType = sourcecode.swift; path = NavBar.swift; sourceTree = "<group>"; };
		39D183632C066D2500CFAACB /* ArticleOperations.swift */ = {isa = PBXFileReference; lastKnownFileType = sourcecode.swift; path = ArticleOperations.swift; sourceTree = "<group>"; };
		39D183652C066D6900CFAACB /* ArticleRequest.swift */ = {isa = PBXFileReference; lastKnownFileType = sourcecode.swift; path = ArticleRequest.swift; sourceTree = "<group>"; };
		39D183672C0777CA00CFAACB /* ArticleRowView.swift */ = {isa = PBXFileReference; lastKnownFileType = sourcecode.swift; path = ArticleRowView.swift; sourceTree = "<group>"; };
		39D183692C07B41700CFAACB /* HeaderView.swift */ = {isa = PBXFileReference; lastKnownFileType = sourcecode.swift; path = HeaderView.swift; sourceTree = "<group>"; };
		39D1AF422C0894AC00EEA39E /* ChatroomsListView.swift */ = {isa = PBXFileReference; lastKnownFileType = sourcecode.swift; path = ChatroomsListView.swift; sourceTree = "<group>"; };
		39D1AF452C08985400EEA39E /* Chatroom.swift */ = {isa = PBXFileReference; lastKnownFileType = sourcecode.swift; path = Chatroom.swift; sourceTree = "<group>"; };
		39D1AF472C08988500EEA39E /* ChatroomRowView.swift */ = {isa = PBXFileReference; lastKnownFileType = sourcecode.swift; path = ChatroomRowView.swift; sourceTree = "<group>"; };
		39D1AF4B2C0908A600EEA39E /* VideoRowView.swift */ = {isa = PBXFileReference; lastKnownFileType = sourcecode.swift; path = VideoRowView.swift; sourceTree = "<group>"; };
		39D1AF4D2C09DC8B00EEA39E /* Config.swift */ = {isa = PBXFileReference; lastKnownFileType = sourcecode.swift; path = Config.swift; sourceTree = "<group>"; };
		39D1AF4F2C09DF3B00EEA39E /* DataManager.swift */ = {isa = PBXFileReference; lastKnownFileType = sourcecode.swift; path = DataManager.swift; sourceTree = "<group>"; };
		39D1AF552C0A00CE00EEA39E /* IdentityView.swift */ = {isa = PBXFileReference; lastKnownFileType = sourcecode.swift; path = IdentityView.swift; sourceTree = "<group>"; };
		6007015DD785A61D2EC34076 /* Pods-testSwiftUI-testSwiftUIUITests.release.xcconfig */ = {isa = PBXFileReference; includeInIndex = 1; lastKnownFileType = text.xcconfig; name = "Pods-testSwiftUI-testSwiftUIUITests.release.xcconfig"; path = "Target Support Files/Pods-testSwiftUI-testSwiftUIUITests/Pods-testSwiftUI-testSwiftUIUITests.release.xcconfig"; sourceTree = "<group>"; };
		7DB1E3016C29E704C8EF8234 /* Pods-testSwiftUITests.debug.xcconfig */ = {isa = PBXFileReference; includeInIndex = 1; lastKnownFileType = text.xcconfig; name = "Pods-testSwiftUITests.debug.xcconfig"; path = "Target Support Files/Pods-testSwiftUITests/Pods-testSwiftUITests.debug.xcconfig"; sourceTree = "<group>"; };
		94A3838F5F42260EC27783F6 /* Pods-testSwiftUI-testSwiftUIUITests.debug.xcconfig */ = {isa = PBXFileReference; includeInIndex = 1; lastKnownFileType = text.xcconfig; name = "Pods-testSwiftUI-testSwiftUIUITests.debug.xcconfig"; path = "Target Support Files/Pods-testSwiftUI-testSwiftUIUITests/Pods-testSwiftUI-testSwiftUIUITests.debug.xcconfig"; sourceTree = "<group>"; };
		9963E056012B46400019B6DE /* Pods-testSwiftUI.debug.xcconfig */ = {isa = PBXFileReference; includeInIndex = 1; lastKnownFileType = text.xcconfig; name = "Pods-testSwiftUI.debug.xcconfig"; path = "Target Support Files/Pods-testSwiftUI/Pods-testSwiftUI.debug.xcconfig"; sourceTree = "<group>"; };
		DB65814B15E8629A6669A17A /* Pods_testSwiftUI.framework */ = {isa = PBXFileReference; explicitFileType = wrapper.framework; includeInIndex = 0; path = Pods_testSwiftUI.framework; sourceTree = BUILT_PRODUCTS_DIR; };
/* End PBXFileReference section */

/* Begin PBXFrameworksBuildPhase section */
		39BFE9342B5038CF00B2934C /* Frameworks */ = {
			isa = PBXFrameworksBuildPhase;
			buildActionMask = 2147483647;
			files = (
				9CC1A714830990BDC7393389 /* Pods_testSwiftUI.framework in Frameworks */,
			);
			runOnlyForDeploymentPostprocessing = 0;
		};
		39BFE9442B5038D000B2934C /* Frameworks */ = {
			isa = PBXFrameworksBuildPhase;
			buildActionMask = 2147483647;
			files = (
				D05BD04FDABFEE47AE897A1B /* Pods_testSwiftUITests.framework in Frameworks */,
			);
			runOnlyForDeploymentPostprocessing = 0;
		};
		39BFE94E2B5038D000B2934C /* Frameworks */ = {
			isa = PBXFrameworksBuildPhase;
			buildActionMask = 2147483647;
			files = (
				1E7C339CDD1C70E8C47D7959 /* Pods_testSwiftUI_testSwiftUIUITests.framework in Frameworks */,
			);
			runOnlyForDeploymentPostprocessing = 0;
		};
/* End PBXFrameworksBuildPhase section */

/* Begin PBXGroup section */
		0DB805644655D23519ED2C33 /* Pods */ = {
			isa = PBXGroup;
			children = (
				9963E056012B46400019B6DE /* Pods-testSwiftUI.debug.xcconfig */,
				354D533E055FA4EC09710AF0 /* Pods-testSwiftUI.release.xcconfig */,
				94A3838F5F42260EC27783F6 /* Pods-testSwiftUI-testSwiftUIUITests.debug.xcconfig */,
				6007015DD785A61D2EC34076 /* Pods-testSwiftUI-testSwiftUIUITests.release.xcconfig */,
				7DB1E3016C29E704C8EF8234 /* Pods-testSwiftUITests.debug.xcconfig */,
				189B06C2F66BC512364E0FD3 /* Pods-testSwiftUITests.release.xcconfig */,
			);
			path = Pods;
			sourceTree = "<group>";
		};
		39BFE92E2B5038CF00B2934C = {
			isa = PBXGroup;
			children = (
				39BFE9392B5038CF00B2934C /* testSwiftUI */,
				39BFE94A2B5038D000B2934C /* testSwiftUITests */,
				39BFE9542B5038D000B2934C /* testSwiftUIUITests */,
				39BFE9382B5038CF00B2934C /* Products */,
				0DB805644655D23519ED2C33 /* Pods */,
				BACBE2B8A607EB349DA28885 /* Frameworks */,
			);
			sourceTree = "<group>";
		};
		39BFE9382B5038CF00B2934C /* Products */ = {
			isa = PBXGroup;
			children = (
				39BFE9372B5038CF00B2934C /* testSwiftUI.app */,
				39BFE9472B5038D000B2934C /* testSwiftUITests.xctest */,
				39BFE9512B5038D000B2934C /* testSwiftUIUITests.xctest */,
			);
			name = Products;
			sourceTree = "<group>";
		};
		39BFE9392B5038CF00B2934C /* testSwiftUI */ = {
			isa = PBXGroup;
			children = (
				39D1AF492C08C34200EEA39E /* RowView */,
				39D183522C06673200CFAACB /* Api */,
				39D183512C06671600CFAACB /* View */,
				39D183422C0619DF00CFAACB /* Models */,
				39BFE93A2B5038CF00B2934C /* testSwiftUIApp.swift */,
				39BFE93C2B5038CF00B2934C /* ContentView.swift */,
				39BFE93E2B5038D000B2934C /* Assets.xcassets */,
				39BFE9402B5038D000B2934C /* Preview Content */,
				39BFE9642B504EB900B2934C /* testObjet.swift */,
				39D183612C0668A800CFAACB /* NavBar.swift */,
				39D183692C07B41700CFAACB /* HeaderView.swift */,
			);
			path = testSwiftUI;
			sourceTree = "<group>";
		};
		39BFE9402B5038D000B2934C /* Preview Content */ = {
			isa = PBXGroup;
			children = (
				39BFE9412B5038D000B2934C /* Preview Assets.xcassets */,
			);
			path = "Preview Content";
			sourceTree = "<group>";
		};
		39BFE94A2B5038D000B2934C /* testSwiftUITests */ = {
			isa = PBXGroup;
			children = (
				39BFE94B2B5038D000B2934C /* testSwiftUITests.swift */,
			);
			path = testSwiftUITests;
			sourceTree = "<group>";
		};
		39BFE9542B5038D000B2934C /* testSwiftUIUITests */ = {
			isa = PBXGroup;
			children = (
				39BFE9552B5038D000B2934C /* testSwiftUIUITests.swift */,
				39BFE9572B5038D000B2934C /* testSwiftUIUITestsLaunchTests.swift */,
			);
			path = testSwiftUIUITests;
			sourceTree = "<group>";
		};
		39D183422C0619DF00CFAACB /* Models */ = {
			isa = PBXGroup;
			children = (
				39D1AF442C08984600EEA39E /* Chatrooms */,
				39D183462C061B0300CFAACB /* Author */,
				39D183452C061AF800CFAACB /* Article */,
				39D1AF4D2C09DC8B00EEA39E /* Config.swift */,
				39D1AF4F2C09DF3B00EEA39E /* DataManager.swift */,
			);
			path = Models;
			sourceTree = "<group>";
		};
		39D183452C061AF800CFAACB /* Article */ = {
			isa = PBXGroup;
			children = (
				39D183432C061A1400CFAACB /* article.swift */,
			);
			path = Article;
			sourceTree = "<group>";
		};
		39D183462C061B0300CFAACB /* Author */ = {
			isa = PBXGroup;
			children = (
				39D183472C061B5500CFAACB /* author.swift */,
			);
			path = Author;
			sourceTree = "<group>";
		};
		39D183512C06671600CFAACB /* View */ = {
			isa = PBXGroup;
			children = (
				39D1AF532C09E30500EEA39E /* Login */,
				39D1AF412C0893E300EEA39E /* Chatrooms */,
				39D183582C06678E00CFAACB /* Profile */,
				39D183562C06677300CFAACB /* Favorite */,
				39D183552C06676900CFAACB /* Article */,
				39BFE9662B504F9A00B2934C /* HomeView.swift */,
			);
			path = View;
			sourceTree = "<group>";
		};
		39D183522C06673200CFAACB /* Api */ = {
			isa = PBXGroup;
			children = (
				39D183542C06674D00CFAACB /* Request */,
				39D183532C06673C00CFAACB /* Operations */,
			);
			path = Api;
			sourceTree = "<group>";
		};
		39D183532C06673C00CFAACB /* Operations */ = {
			isa = PBXGroup;
			children = (
				39D1834B2C0622C200CFAACB /* LoginOperations.swift */,
				39D183632C066D2500CFAACB /* ArticleOperations.swift */,
			);
			path = Operations;
			sourceTree = "<group>";
		};
		39D183542C06674D00CFAACB /* Request */ = {
			isa = PBXGroup;
			children = (
				39D1834F2C06232600CFAACB /* ApiRequest.swift */,
				39D1834D2C0622DE00CFAACB /* loginRequest.swift */,
				39D183652C066D6900CFAACB /* ArticleRequest.swift */,
			);
			path = Request;
			sourceTree = "<group>";
		};
		39D183552C06676900CFAACB /* Article */ = {
			isa = PBXGroup;
			children = (
				39D183592C0667D600CFAACB /* ArticleListView.swift */,
			);
			path = Article;
			sourceTree = "<group>";
		};
		39D183562C06677300CFAACB /* Favorite */ = {
			isa = PBXGroup;
			children = (
				39D1835B2C0667E600CFAACB /* FavoriteListView.swift */,
			);
			path = Favorite;
			sourceTree = "<group>";
		};
		39D183582C06678E00CFAACB /* Profile */ = {
			isa = PBXGroup;
			children = (
				39D1AF542C0A00BE00EEA39E /* Identity */,
				39D1835F2C06680500CFAACB /* ProfileView.swift */,
			);
			path = Profile;
			sourceTree = "<group>";
		};
		39D1AF412C0893E300EEA39E /* Chatrooms */ = {
			isa = PBXGroup;
			children = (
				39D1AF422C0894AC00EEA39E /* ChatroomsListView.swift */,
			);
			path = Chatrooms;
			sourceTree = "<group>";
		};
		39D1AF442C08984600EEA39E /* Chatrooms */ = {
			isa = PBXGroup;
			children = (
				39D1AF452C08985400EEA39E /* Chatroom.swift */,
			);
			path = Chatrooms;
			sourceTree = "<group>";
		};
		39D1AF492C08C34200EEA39E /* RowView */ = {
			isa = PBXGroup;
			children = (
				39D1AF522C09E2E900EEA39E /* Article */,
				39D1AF512C09E2DE00EEA39E /* Chatroom */,
				39D1AF4A2C09089600EEA39E /* Video */,
			);
			path = RowView;
			sourceTree = "<group>";
		};
		39D1AF4A2C09089600EEA39E /* Video */ = {
			isa = PBXGroup;
			children = (
				39D1AF4B2C0908A600EEA39E /* VideoRowView.swift */,
			);
			path = Video;
			sourceTree = "<group>";
		};
		39D1AF512C09E2DE00EEA39E /* Chatroom */ = {
			isa = PBXGroup;
			children = (
				39D1AF472C08988500EEA39E /* ChatroomRowView.swift */,
			);
			path = Chatroom;
			sourceTree = "<group>";
		};
		39D1AF522C09E2E900EEA39E /* Article */ = {
			isa = PBXGroup;
			children = (
				39D183672C0777CA00CFAACB /* ArticleRowView.swift */,
			);
			path = Article;
			sourceTree = "<group>";
		};
		39D1AF532C09E30500EEA39E /* Login */ = {
			isa = PBXGroup;
			children = (
				39D183492C06227700CFAACB /* LoginView.swift */,
			);
			path = Login;
			sourceTree = "<group>";
		};
		39D1AF542C0A00BE00EEA39E /* Identity */ = {
			isa = PBXGroup;
			children = (
				39D1AF552C0A00CE00EEA39E /* IdentityView.swift */,
			);
			path = Identity;
			sourceTree = "<group>";
		};
		BACBE2B8A607EB349DA28885 /* Frameworks */ = {
			isa = PBXGroup;
			children = (
				DB65814B15E8629A6669A17A /* Pods_testSwiftUI.framework */,
				2CE54A2094C07113B3EE1136 /* Pods_testSwiftUI_testSwiftUIUITests.framework */,
				003CCDEDD3A5C2D884638078 /* Pods_testSwiftUITests.framework */,
			);
			name = Frameworks;
			sourceTree = "<group>";
		};
/* End PBXGroup section */

/* Begin PBXNativeTarget section */
		39BFE9362B5038CF00B2934C /* testSwiftUI */ = {
			isa = PBXNativeTarget;
			buildConfigurationList = 39BFE95B2B5038D000B2934C /* Build configuration list for PBXNativeTarget "testSwiftUI" */;
			buildPhases = (
				5C505D5F396D8C2D7B2AFB46 /* [CP] Check Pods Manifest.lock */,
				39BFE9332B5038CF00B2934C /* Sources */,
				39BFE9342B5038CF00B2934C /* Frameworks */,
				39BFE9352B5038CF00B2934C /* Resources */,
				9AFCEE1CD86E5A965AE1A3B0 /* [CP] Embed Pods Frameworks */,
			);
			buildRules = (
			);
			dependencies = (
			);
			name = testSwiftUI;
			productName = testSwiftUI;
			productReference = 39BFE9372B5038CF00B2934C /* testSwiftUI.app */;
			productType = "com.apple.product-type.application";
		};
		39BFE9462B5038D000B2934C /* testSwiftUITests */ = {
			isa = PBXNativeTarget;
			buildConfigurationList = 39BFE95E2B5038D100B2934C /* Build configuration list for PBXNativeTarget "testSwiftUITests" */;
			buildPhases = (
				099E84D17CF7774ADC3F408E /* [CP] Check Pods Manifest.lock */,
				39BFE9432B5038D000B2934C /* Sources */,
				39BFE9442B5038D000B2934C /* Frameworks */,
				39BFE9452B5038D000B2934C /* Resources */,
			);
			buildRules = (
			);
			dependencies = (
				39BFE9492B5038D000B2934C /* PBXTargetDependency */,
			);
			name = testSwiftUITests;
			productName = testSwiftUITests;
			productReference = 39BFE9472B5038D000B2934C /* testSwiftUITests.xctest */;
			productType = "com.apple.product-type.bundle.unit-test";
		};
		39BFE9502B5038D000B2934C /* testSwiftUIUITests */ = {
			isa = PBXNativeTarget;
			buildConfigurationList = 39BFE9612B5038D100B2934C /* Build configuration list for PBXNativeTarget "testSwiftUIUITests" */;
			buildPhases = (
				34AE45C1B12C8CC2428E2819 /* [CP] Check Pods Manifest.lock */,
				39BFE94D2B5038D000B2934C /* Sources */,
				39BFE94E2B5038D000B2934C /* Frameworks */,
				39BFE94F2B5038D000B2934C /* Resources */,
				95534405DDF471D671CA0D05 /* [CP] Embed Pods Frameworks */,
			);
			buildRules = (
			);
			dependencies = (
				39BFE9532B5038D000B2934C /* PBXTargetDependency */,
			);
			name = testSwiftUIUITests;
			productName = testSwiftUIUITests;
			productReference = 39BFE9512B5038D000B2934C /* testSwiftUIUITests.xctest */;
			productType = "com.apple.product-type.bundle.ui-testing";
		};
/* End PBXNativeTarget section */

/* Begin PBXProject section */
		39BFE92F2B5038CF00B2934C /* Project object */ = {
			isa = PBXProject;
			attributes = {
				BuildIndependentTargetsInParallel = 1;
				LastSwiftUpdateCheck = 1430;
				LastUpgradeCheck = 1430;
				TargetAttributes = {
					39BFE9362B5038CF00B2934C = {
						CreatedOnToolsVersion = 14.3.1;
					};
					39BFE9462B5038D000B2934C = {
						CreatedOnToolsVersion = 14.3.1;
						TestTargetID = 39BFE9362B5038CF00B2934C;
					};
					39BFE9502B5038D000B2934C = {
						CreatedOnToolsVersion = 14.3.1;
						TestTargetID = 39BFE9362B5038CF00B2934C;
					};
				};
			};
			buildConfigurationList = 39BFE9322B5038CF00B2934C /* Build configuration list for PBXProject "testSwiftUI" */;
			compatibilityVersion = "Xcode 14.0";
			developmentRegion = en;
			hasScannedForEncodings = 0;
			knownRegions = (
				en,
				Base,
			);
			mainGroup = 39BFE92E2B5038CF00B2934C;
			productRefGroup = 39BFE9382B5038CF00B2934C /* Products */;
			projectDirPath = "";
			projectRoot = "";
			targets = (
				39BFE9362B5038CF00B2934C /* testSwiftUI */,
				39BFE9462B5038D000B2934C /* testSwiftUITests */,
				39BFE9502B5038D000B2934C /* testSwiftUIUITests */,
			);
		};
/* End PBXProject section */

/* Begin PBXResourcesBuildPhase section */
		39BFE9352B5038CF00B2934C /* Resources */ = {
			isa = PBXResourcesBuildPhase;
			buildActionMask = 2147483647;
			files = (
				39BFE9422B5038D000B2934C /* Preview Assets.xcassets in Resources */,
				39BFE93F2B5038D000B2934C /* Assets.xcassets in Resources */,
			);
			runOnlyForDeploymentPostprocessing = 0;
		};
		39BFE9452B5038D000B2934C /* Resources */ = {
			isa = PBXResourcesBuildPhase;
			buildActionMask = 2147483647;
			files = (
			);
			runOnlyForDeploymentPostprocessing = 0;
		};
		39BFE94F2B5038D000B2934C /* Resources */ = {
			isa = PBXResourcesBuildPhase;
			buildActionMask = 2147483647;
			files = (
			);
			runOnlyForDeploymentPostprocessing = 0;
		};
/* End PBXResourcesBuildPhase section */

/* Begin PBXShellScriptBuildPhase section */
		099E84D17CF7774ADC3F408E /* [CP] Check Pods Manifest.lock */ = {
			isa = PBXShellScriptBuildPhase;
			buildActionMask = 2147483647;
			files = (
			);
			inputFileListPaths = (
			);
			inputPaths = (
				"${PODS_PODFILE_DIR_PATH}/Podfile.lock",
				"${PODS_ROOT}/Manifest.lock",
			);
			name = "[CP] Check Pods Manifest.lock";
			outputFileListPaths = (
			);
			outputPaths = (
				"$(DERIVED_FILE_DIR)/Pods-testSwiftUITests-checkManifestLockResult.txt",
			);
			runOnlyForDeploymentPostprocessing = 0;
			shellPath = /bin/sh;
			shellScript = "diff \"${PODS_PODFILE_DIR_PATH}/Podfile.lock\" \"${PODS_ROOT}/Manifest.lock\" > /dev/null\nif [ $? != 0 ] ; then\n    # print error to STDERR\n    echo \"error: The sandbox is not in sync with the Podfile.lock. Run 'pod install' or update your CocoaPods installation.\" >&2\n    exit 1\nfi\n# This output is used by Xcode 'outputs' to avoid re-running this script phase.\necho \"SUCCESS\" > \"${SCRIPT_OUTPUT_FILE_0}\"\n";
			showEnvVarsInLog = 0;
		};
		34AE45C1B12C8CC2428E2819 /* [CP] Check Pods Manifest.lock */ = {
			isa = PBXShellScriptBuildPhase;
			buildActionMask = 2147483647;
			files = (
			);
			inputFileListPaths = (
			);
			inputPaths = (
				"${PODS_PODFILE_DIR_PATH}/Podfile.lock",
				"${PODS_ROOT}/Manifest.lock",
			);
			name = "[CP] Check Pods Manifest.lock";
			outputFileListPaths = (
			);
			outputPaths = (
				"$(DERIVED_FILE_DIR)/Pods-testSwiftUI-testSwiftUIUITests-checkManifestLockResult.txt",
			);
			runOnlyForDeploymentPostprocessing = 0;
			shellPath = /bin/sh;
			shellScript = "diff \"${PODS_PODFILE_DIR_PATH}/Podfile.lock\" \"${PODS_ROOT}/Manifest.lock\" > /dev/null\nif [ $? != 0 ] ; then\n    # print error to STDERR\n    echo \"error: The sandbox is not in sync with the Podfile.lock. Run 'pod install' or update your CocoaPods installation.\" >&2\n    exit 1\nfi\n# This output is used by Xcode 'outputs' to avoid re-running this script phase.\necho \"SUCCESS\" > \"${SCRIPT_OUTPUT_FILE_0}\"\n";
			showEnvVarsInLog = 0;
		};
		5C505D5F396D8C2D7B2AFB46 /* [CP] Check Pods Manifest.lock */ = {
			isa = PBXShellScriptBuildPhase;
			buildActionMask = 2147483647;
			files = (
			);
			inputFileListPaths = (
			);
			inputPaths = (
				"${PODS_PODFILE_DIR_PATH}/Podfile.lock",
				"${PODS_ROOT}/Manifest.lock",
			);
			name = "[CP] Check Pods Manifest.lock";
			outputFileListPaths = (
			);
			outputPaths = (
				"$(DERIVED_FILE_DIR)/Pods-testSwiftUI-checkManifestLockResult.txt",
			);
			runOnlyForDeploymentPostprocessing = 0;
			shellPath = /bin/sh;
			shellScript = "diff \"${PODS_PODFILE_DIR_PATH}/Podfile.lock\" \"${PODS_ROOT}/Manifest.lock\" > /dev/null\nif [ $? != 0 ] ; then\n    # print error to STDERR\n    echo \"error: The sandbox is not in sync with the Podfile.lock. Run 'pod install' or update your CocoaPods installation.\" >&2\n    exit 1\nfi\n# This output is used by Xcode 'outputs' to avoid re-running this script phase.\necho \"SUCCESS\" > \"${SCRIPT_OUTPUT_FILE_0}\"\n";
			showEnvVarsInLog = 0;
		};
		95534405DDF471D671CA0D05 /* [CP] Embed Pods Frameworks */ = {
			isa = PBXShellScriptBuildPhase;
			buildActionMask = 2147483647;
			files = (
			);
			inputFileListPaths = (
				"${PODS_ROOT}/Target Support Files/Pods-testSwiftUI-testSwiftUIUITests/Pods-testSwiftUI-testSwiftUIUITests-frameworks-${CONFIGURATION}-input-files.xcfilelist",
			);
			name = "[CP] Embed Pods Frameworks";
			outputFileListPaths = (
				"${PODS_ROOT}/Target Support Files/Pods-testSwiftUI-testSwiftUIUITests/Pods-testSwiftUI-testSwiftUIUITests-frameworks-${CONFIGURATION}-output-files.xcfilelist",
			);
			runOnlyForDeploymentPostprocessing = 0;
			shellPath = /bin/sh;
			shellScript = "\"${PODS_ROOT}/Target Support Files/Pods-testSwiftUI-testSwiftUIUITests/Pods-testSwiftUI-testSwiftUIUITests-frameworks.sh\"\n";
			showEnvVarsInLog = 0;
		};
		9AFCEE1CD86E5A965AE1A3B0 /* [CP] Embed Pods Frameworks */ = {
			isa = PBXShellScriptBuildPhase;
			buildActionMask = 2147483647;
			files = (
			);
			inputFileListPaths = (
				"${PODS_ROOT}/Target Support Files/Pods-testSwiftUI/Pods-testSwiftUI-frameworks-${CONFIGURATION}-input-files.xcfilelist",
			);
			name = "[CP] Embed Pods Frameworks";
			outputFileListPaths = (
				"${PODS_ROOT}/Target Support Files/Pods-testSwiftUI/Pods-testSwiftUI-frameworks-${CONFIGURATION}-output-files.xcfilelist",
			);
			runOnlyForDeploymentPostprocessing = 0;
			shellPath = /bin/sh;
			shellScript = "\"${PODS_ROOT}/Target Support Files/Pods-testSwiftUI/Pods-testSwiftUI-frameworks.sh\"\n";
			showEnvVarsInLog = 0;
		};
/* End PBXShellScriptBuildPhase section */

/* Begin PBXSourcesBuildPhase section */
		39BFE9332B5038CF00B2934C /* Sources */ = {
			isa = PBXSourcesBuildPhase;
			buildActionMask = 2147483647;
			files = (
				39D183662C066D6900CFAACB /* ArticleRequest.swift in Sources */,
				39D1AF502C09DF3B00EEA39E /* DataManager.swift in Sources */,
				39BFE93D2B5038CF00B2934C /* ContentView.swift in Sources */,
				39D1835A2C0667D600CFAACB /* ArticleListView.swift in Sources */,
				39D1AF4C2C0908A600EEA39E /* VideoRowView.swift in Sources */,
				39D1834A2C06227700CFAACB /* LoginView.swift in Sources */,
				39D183442C061A1400CFAACB /* article.swift in Sources */,
				39BFE9672B504F9A00B2934C /* HomeView.swift in Sources */,
				39D1AF482C08988500EEA39E /* ChatroomRowView.swift in Sources */,
				39D1AF462C08985400EEA39E /* Chatroom.swift in Sources */,
				39D1AF432C0894AC00EEA39E /* ChatroomsListView.swift in Sources */,
				39D1836A2C07B41700CFAACB /* HeaderView.swift in Sources */,
				39D183622C0668A800CFAACB /* NavBar.swift in Sources */,
				39BFE93B2B5038CF00B2934C /* testSwiftUIApp.swift in Sources */,
				39D1834C2C0622C200CFAACB /* LoginOperations.swift in Sources */,
				39D1834E2C0622DE00CFAACB /* loginRequest.swift in Sources */,
				39D1AF562C0A00CE00EEA39E /* IdentityView.swift in Sources */,
				39D183682C0777CA00CFAACB /* ArticleRowView.swift in Sources */,
				39D1835C2C0667E600CFAACB /* FavoriteListView.swift in Sources */,
				39D183642C066D2600CFAACB /* ArticleOperations.swift in Sources */,
				39D1AF4E2C09DC8B00EEA39E /* Config.swift in Sources */,
				39D183482C061B5500CFAACB /* author.swift in Sources */,
				39D183502C06232600CFAACB /* ApiRequest.swift in Sources */,
				39D183602C06680500CFAACB /* ProfileView.swift in Sources */,
				39BFE9652B504EB900B2934C /* testObjet.swift in Sources */,
			);
			runOnlyForDeploymentPostprocessing = 0;
		};
		39BFE9432B5038D000B2934C /* Sources */ = {
			isa = PBXSourcesBuildPhase;
			buildActionMask = 2147483647;
			files = (
				39BFE94C2B5038D000B2934C /* testSwiftUITests.swift in Sources */,
			);
			runOnlyForDeploymentPostprocessing = 0;
		};
		39BFE94D2B5038D000B2934C /* Sources */ = {
			isa = PBXSourcesBuildPhase;
			buildActionMask = 2147483647;
			files = (
				39BFE9582B5038D000B2934C /* testSwiftUIUITestsLaunchTests.swift in Sources */,
				39BFE9562B5038D000B2934C /* testSwiftUIUITests.swift in Sources */,
			);
			runOnlyForDeploymentPostprocessing = 0;
		};
/* End PBXSourcesBuildPhase section */

/* Begin PBXTargetDependency section */
		39BFE9492B5038D000B2934C /* PBXTargetDependency */ = {
			isa = PBXTargetDependency;
			target = 39BFE9362B5038CF00B2934C /* testSwiftUI */;
			targetProxy = 39BFE9482B5038D000B2934C /* PBXContainerItemProxy */;
		};
		39BFE9532B5038D000B2934C /* PBXTargetDependency */ = {
			isa = PBXTargetDependency;
			target = 39BFE9362B5038CF00B2934C /* testSwiftUI */;
			targetProxy = 39BFE9522B5038D000B2934C /* PBXContainerItemProxy */;
		};
/* End PBXTargetDependency section */

/* Begin XCBuildConfiguration section */
		39BFE9592B5038D000B2934C /* Debug */ = {
			isa = XCBuildConfiguration;
			buildSettings = {
				ALWAYS_SEARCH_USER_PATHS = NO;
				CLANG_ANALYZER_NONNULL = YES;
				CLANG_ANALYZER_NUMBER_OBJECT_CONVERSION = YES_AGGRESSIVE;
				CLANG_CXX_LANGUAGE_STANDARD = "gnu++20";
				CLANG_ENABLE_MODULES = YES;
				CLANG_ENABLE_OBJC_ARC = YES;
				CLANG_ENABLE_OBJC_WEAK = YES;
				CLANG_WARN_BLOCK_CAPTURE_AUTORELEASING = YES;
				CLANG_WARN_BOOL_CONVERSION = YES;
				CLANG_WARN_COMMA = YES;
				CLANG_WARN_CONSTANT_CONVERSION = YES;
				CLANG_WARN_DEPRECATED_OBJC_IMPLEMENTATIONS = YES;
				CLANG_WARN_DIRECT_OBJC_ISA_USAGE = YES_ERROR;
				CLANG_WARN_DOCUMENTATION_COMMENTS = YES;
				CLANG_WARN_EMPTY_BODY = YES;
				CLANG_WARN_ENUM_CONVERSION = YES;
				CLANG_WARN_INFINITE_RECURSION = YES;
				CLANG_WARN_INT_CONVERSION = YES;
				CLANG_WARN_NON_LITERAL_NULL_CONVERSION = YES;
				CLANG_WARN_OBJC_IMPLICIT_RETAIN_SELF = YES;
				CLANG_WARN_OBJC_LITERAL_CONVERSION = YES;
				CLANG_WARN_OBJC_ROOT_CLASS = YES_ERROR;
				CLANG_WARN_QUOTED_INCLUDE_IN_FRAMEWORK_HEADER = YES;
				CLANG_WARN_RANGE_LOOP_ANALYSIS = YES;
				CLANG_WARN_STRICT_PROTOTYPES = YES;
				CLANG_WARN_SUSPICIOUS_MOVE = YES;
				CLANG_WARN_UNGUARDED_AVAILABILITY = YES_AGGRESSIVE;
				CLANG_WARN_UNREACHABLE_CODE = YES;
				CLANG_WARN__DUPLICATE_METHOD_MATCH = YES;
				COPY_PHASE_STRIP = NO;
				DEBUG_INFORMATION_FORMAT = dwarf;
				ENABLE_STRICT_OBJC_MSGSEND = YES;
				ENABLE_TESTABILITY = YES;
				GCC_C_LANGUAGE_STANDARD = gnu11;
				GCC_DYNAMIC_NO_PIC = NO;
				GCC_NO_COMMON_BLOCKS = YES;
				GCC_OPTIMIZATION_LEVEL = 0;
				GCC_PREPROCESSOR_DEFINITIONS = (
					"DEBUG=1",
					"$(inherited)",
				);
				GCC_WARN_64_TO_32_BIT_CONVERSION = YES;
				GCC_WARN_ABOUT_RETURN_TYPE = YES_ERROR;
				GCC_WARN_UNDECLARED_SELECTOR = YES;
				GCC_WARN_UNINITIALIZED_AUTOS = YES_AGGRESSIVE;
				GCC_WARN_UNUSED_FUNCTION = YES;
				GCC_WARN_UNUSED_VARIABLE = YES;
				IPHONEOS_DEPLOYMENT_TARGET = 16.4;
				MTL_ENABLE_DEBUG_INFO = INCLUDE_SOURCE;
				MTL_FAST_MATH = YES;
				ONLY_ACTIVE_ARCH = YES;
				SDKROOT = iphoneos;
				SWIFT_ACTIVE_COMPILATION_CONDITIONS = DEBUG;
				SWIFT_OPTIMIZATION_LEVEL = "-Onone";
			};
			name = Debug;
		};
		39BFE95A2B5038D000B2934C /* Release */ = {
			isa = XCBuildConfiguration;
			buildSettings = {
				ALWAYS_SEARCH_USER_PATHS = NO;
				CLANG_ANALYZER_NONNULL = YES;
				CLANG_ANALYZER_NUMBER_OBJECT_CONVERSION = YES_AGGRESSIVE;
				CLANG_CXX_LANGUAGE_STANDARD = "gnu++20";
				CLANG_ENABLE_MODULES = YES;
				CLANG_ENABLE_OBJC_ARC = YES;
				CLANG_ENABLE_OBJC_WEAK = YES;
				CLANG_WARN_BLOCK_CAPTURE_AUTORELEASING = YES;
				CLANG_WARN_BOOL_CONVERSION = YES;
				CLANG_WARN_COMMA = YES;
				CLANG_WARN_CONSTANT_CONVERSION = YES;
				CLANG_WARN_DEPRECATED_OBJC_IMPLEMENTATIONS = YES;
				CLANG_WARN_DIRECT_OBJC_ISA_USAGE = YES_ERROR;
				CLANG_WARN_DOCUMENTATION_COMMENTS = YES;
				CLANG_WARN_EMPTY_BODY = YES;
				CLANG_WARN_ENUM_CONVERSION = YES;
				CLANG_WARN_INFINITE_RECURSION = YES;
				CLANG_WARN_INT_CONVERSION = YES;
				CLANG_WARN_NON_LITERAL_NULL_CONVERSION = YES;
				CLANG_WARN_OBJC_IMPLICIT_RETAIN_SELF = YES;
				CLANG_WARN_OBJC_LITERAL_CONVERSION = YES;
				CLANG_WARN_OBJC_ROOT_CLASS = YES_ERROR;
				CLANG_WARN_QUOTED_INCLUDE_IN_FRAMEWORK_HEADER = YES;
				CLANG_WARN_RANGE_LOOP_ANALYSIS = YES;
				CLANG_WARN_STRICT_PROTOTYPES = YES;
				CLANG_WARN_SUSPICIOUS_MOVE = YES;
				CLANG_WARN_UNGUARDED_AVAILABILITY = YES_AGGRESSIVE;
				CLANG_WARN_UNREACHABLE_CODE = YES;
				CLANG_WARN__DUPLICATE_METHOD_MATCH = YES;
				COPY_PHASE_STRIP = NO;
				DEBUG_INFORMATION_FORMAT = "dwarf-with-dsym";
				ENABLE_NS_ASSERTIONS = NO;
				ENABLE_STRICT_OBJC_MSGSEND = YES;
				GCC_C_LANGUAGE_STANDARD = gnu11;
				GCC_NO_COMMON_BLOCKS = YES;
				GCC_WARN_64_TO_32_BIT_CONVERSION = YES;
				GCC_WARN_ABOUT_RETURN_TYPE = YES_ERROR;
				GCC_WARN_UNDECLARED_SELECTOR = YES;
				GCC_WARN_UNINITIALIZED_AUTOS = YES_AGGRESSIVE;
				GCC_WARN_UNUSED_FUNCTION = YES;
				GCC_WARN_UNUSED_VARIABLE = YES;
				IPHONEOS_DEPLOYMENT_TARGET = 16.4;
				MTL_ENABLE_DEBUG_INFO = NO;
				MTL_FAST_MATH = YES;
				SDKROOT = iphoneos;
				SWIFT_COMPILATION_MODE = wholemodule;
				SWIFT_OPTIMIZATION_LEVEL = "-O";
				VALIDATE_PRODUCT = YES;
			};
			name = Release;
		};
		39BFE95C2B5038D000B2934C /* Debug */ = {
			isa = XCBuildConfiguration;
			baseConfigurationReference = 9963E056012B46400019B6DE /* Pods-testSwiftUI.debug.xcconfig */;
			buildSettings = {
				ASSETCATALOG_COMPILER_APPICON_NAME = AppIcon;
				ASSETCATALOG_COMPILER_GLOBAL_ACCENT_COLOR_NAME = AccentColor;
				CODE_SIGN_STYLE = Automatic;
				CURRENT_PROJECT_VERSION = 1;
				DEVELOPMENT_ASSET_PATHS = "\"testSwiftUI/Preview Content\"";
				ENABLE_PREVIEWS = YES;
				GENERATE_INFOPLIST_FILE = YES;
				INFOPLIST_KEY_UIApplicationSceneManifest_Generation = YES;
				INFOPLIST_KEY_UIApplicationSupportsIndirectInputEvents = YES;
				INFOPLIST_KEY_UILaunchScreen_Generation = YES;
				INFOPLIST_KEY_UISupportedInterfaceOrientations_iPad = "UIInterfaceOrientationPortrait UIInterfaceOrientationPortraitUpsideDown UIInterfaceOrientationLandscapeLeft UIInterfaceOrientationLandscapeRight";
				INFOPLIST_KEY_UISupportedInterfaceOrientations_iPhone = "UIInterfaceOrientationPortrait UIInterfaceOrientationLandscapeLeft UIInterfaceOrientationLandscapeRight";
				LD_RUNPATH_SEARCH_PATHS = (
					"$(inherited)",
					"@executable_path/Frameworks",
				);
				MARKETING_VERSION = 1.0;
				PRODUCT_BUNDLE_IDENTIFIER = td.refonte.testSwiftUI;
				PRODUCT_NAME = "$(TARGET_NAME)";
				SWIFT_EMIT_LOC_STRINGS = YES;
				SWIFT_VERSION = 5.0;
				TARGETED_DEVICE_FAMILY = "1,2";
			};
			name = Debug;
		};
		39BFE95D2B5038D000B2934C /* Release */ = {
			isa = XCBuildConfiguration;
			baseConfigurationReference = 354D533E055FA4EC09710AF0 /* Pods-testSwiftUI.release.xcconfig */;
			buildSettings = {
				ASSETCATALOG_COMPILER_APPICON_NAME = AppIcon;
				ASSETCATALOG_COMPILER_GLOBAL_ACCENT_COLOR_NAME = AccentColor;
				CODE_SIGN_STYLE = Automatic;
				CURRENT_PROJECT_VERSION = 1;
				DEVELOPMENT_ASSET_PATHS = "\"testSwiftUI/Preview Content\"";
				ENABLE_PREVIEWS = YES;
				GENERATE_INFOPLIST_FILE = YES;
				INFOPLIST_KEY_UIApplicationSceneManifest_Generation = YES;
				INFOPLIST_KEY_UIApplicationSupportsIndirectInputEvents = YES;
				INFOPLIST_KEY_UILaunchScreen_Generation = YES;
				INFOPLIST_KEY_UISupportedInterfaceOrientations_iPad = "UIInterfaceOrientationPortrait UIInterfaceOrientationPortraitUpsideDown UIInterfaceOrientationLandscapeLeft UIInterfaceOrientationLandscapeRight";
				INFOPLIST_KEY_UISupportedInterfaceOrientations_iPhone = "UIInterfaceOrientationPortrait UIInterfaceOrientationLandscapeLeft UIInterfaceOrientationLandscapeRight";
				LD_RUNPATH_SEARCH_PATHS = (
					"$(inherited)",
					"@executable_path/Frameworks",
				);
				MARKETING_VERSION = 1.0;
				PRODUCT_BUNDLE_IDENTIFIER = td.refonte.testSwiftUI;
				PRODUCT_NAME = "$(TARGET_NAME)";
				SWIFT_EMIT_LOC_STRINGS = YES;
				SWIFT_VERSION = 5.0;
				TARGETED_DEVICE_FAMILY = "1,2";
			};
			name = Release;
		};
		39BFE95F2B5038D100B2934C /* Debug */ = {
			isa = XCBuildConfiguration;
			baseConfigurationReference = 7DB1E3016C29E704C8EF8234 /* Pods-testSwiftUITests.debug.xcconfig */;
			buildSettings = {
				ALWAYS_EMBED_SWIFT_STANDARD_LIBRARIES = YES;
				BUNDLE_LOADER = "$(TEST_HOST)";
				CODE_SIGN_STYLE = Automatic;
				CURRENT_PROJECT_VERSION = 1;
				GENERATE_INFOPLIST_FILE = YES;
				IPHONEOS_DEPLOYMENT_TARGET = 16.4;
				MARKETING_VERSION = 1.0;
				PRODUCT_BUNDLE_IDENTIFIER = td.refonte.testSwiftUITests;
				PRODUCT_NAME = "$(TARGET_NAME)";
				SWIFT_EMIT_LOC_STRINGS = NO;
				SWIFT_VERSION = 5.0;
				TARGETED_DEVICE_FAMILY = "1,2";
				TEST_HOST = "$(BUILT_PRODUCTS_DIR)/testSwiftUI.app/$(BUNDLE_EXECUTABLE_FOLDER_PATH)/testSwiftUI";
			};
			name = Debug;
		};
		39BFE9602B5038D100B2934C /* Release */ = {
			isa = XCBuildConfiguration;
			baseConfigurationReference = 189B06C2F66BC512364E0FD3 /* Pods-testSwiftUITests.release.xcconfig */;
			buildSettings = {
				ALWAYS_EMBED_SWIFT_STANDARD_LIBRARIES = YES;
				BUNDLE_LOADER = "$(TEST_HOST)";
				CODE_SIGN_STYLE = Automatic;
				CURRENT_PROJECT_VERSION = 1;
				GENERATE_INFOPLIST_FILE = YES;
				IPHONEOS_DEPLOYMENT_TARGET = 16.4;
				MARKETING_VERSION = 1.0;
				PRODUCT_BUNDLE_IDENTIFIER = td.refonte.testSwiftUITests;
				PRODUCT_NAME = "$(TARGET_NAME)";
				SWIFT_EMIT_LOC_STRINGS = NO;
				SWIFT_VERSION = 5.0;
				TARGETED_DEVICE_FAMILY = "1,2";
				TEST_HOST = "$(BUILT_PRODUCTS_DIR)/testSwiftUI.app/$(BUNDLE_EXECUTABLE_FOLDER_PATH)/testSwiftUI";
			};
			name = Release;
		};
		39BFE9622B5038D100B2934C /* Debug */ = {
			isa = XCBuildConfiguration;
			baseConfigurationReference = 94A3838F5F42260EC27783F6 /* Pods-testSwiftUI-testSwiftUIUITests.debug.xcconfig */;
			buildSettings = {
				ALWAYS_EMBED_SWIFT_STANDARD_LIBRARIES = YES;
				CODE_SIGN_STYLE = Automatic;
				CURRENT_PROJECT_VERSION = 1;
				GENERATE_INFOPLIST_FILE = YES;
				MARKETING_VERSION = 1.0;
				PRODUCT_BUNDLE_IDENTIFIER = td.refonte.testSwiftUIUITests;
				PRODUCT_NAME = "$(TARGET_NAME)";
				SWIFT_EMIT_LOC_STRINGS = NO;
				SWIFT_VERSION = 5.0;
				TARGETED_DEVICE_FAMILY = "1,2";
				TEST_TARGET_NAME = testSwiftUI;
			};
			name = Debug;
		};
		39BFE9632B5038D100B2934C /* Release */ = {
			isa = XCBuildConfiguration;
			baseConfigurationReference = 6007015DD785A61D2EC34076 /* Pods-testSwiftUI-testSwiftUIUITests.release.xcconfig */;
			buildSettings = {
				ALWAYS_EMBED_SWIFT_STANDARD_LIBRARIES = YES;
				CODE_SIGN_STYLE = Automatic;
				CURRENT_PROJECT_VERSION = 1;
				GENERATE_INFOPLIST_FILE = YES;
				MARKETING_VERSION = 1.0;
				PRODUCT_BUNDLE_IDENTIFIER = td.refonte.testSwiftUIUITests;
				PRODUCT_NAME = "$(TARGET_NAME)";
				SWIFT_EMIT_LOC_STRINGS = NO;
				SWIFT_VERSION = 5.0;
				TARGETED_DEVICE_FAMILY = "1,2";
				TEST_TARGET_NAME = testSwiftUI;
			};
			name = Release;
		};
/* End XCBuildConfiguration section */

/* Begin XCConfigurationList section */
		39BFE9322B5038CF00B2934C /* Build configuration list for PBXProject "testSwiftUI" */ = {
			isa = XCConfigurationList;
			buildConfigurations = (
				39BFE9592B5038D000B2934C /* Debug */,
				39BFE95A2B5038D000B2934C /* Release */,
			);
			defaultConfigurationIsVisible = 0;
			defaultConfigurationName = Release;
		};
		39BFE95B2B5038D000B2934C /* Build configuration list for PBXNativeTarget "testSwiftUI" */ = {
			isa = XCConfigurationList;
			buildConfigurations = (
				39BFE95C2B5038D000B2934C /* Debug */,
				39BFE95D2B5038D000B2934C /* Release */,
			);
			defaultConfigurationIsVisible = 0;
			defaultConfigurationName = Release;
		};
		39BFE95E2B5038D100B2934C /* Build configuration list for PBXNativeTarget "testSwiftUITests" */ = {
			isa = XCConfigurationList;
			buildConfigurations = (
				39BFE95F2B5038D100B2934C /* Debug */,
				39BFE9602B5038D100B2934C /* Release */,
			);
			defaultConfigurationIsVisible = 0;
			defaultConfigurationName = Release;
		};
		39BFE9612B5038D100B2934C /* Build configuration list for PBXNativeTarget "testSwiftUIUITests" */ = {
			isa = XCConfigurationList;
			buildConfigurations = (
				39BFE9622B5038D100B2934C /* Debug */,
				39BFE9632B5038D100B2934C /* Release */,
			);
			defaultConfigurationIsVisible = 0;
			defaultConfigurationName = Release;
		};
/* End XCConfigurationList section */
	};
	rootObject = 39BFE92F2B5038CF00B2934C /* Project object */;
}
